// !$*UTF8*$!
{
	archiveVersion = 1;
	classes = {
	};
	objectVersion = 50;
	objects = {

/* Begin PBXBuildFile section */
		0E0D884A25C2534000F1096D /* BookChecker.xcdatamodeld in Sources */ = {isa = PBXBuildFile; fileRef = 0E0D884825C2534000F1096D /* BookChecker.xcdatamodeld */; };
		0E0D885F25C2562B00F1096D /* ItemList.swift in Sources */ = {isa = PBXBuildFile; fileRef = 0E0D885E25C2562B00F1096D /* ItemList.swift */; };
		0E0D886425C2573C00F1096D /* BookList.swift in Sources */ = {isa = PBXBuildFile; fileRef = 0E0D886325C2573C00F1096D /* BookList.swift */; };
		0E0D886925C258E300F1096D /* ShowToDoListController.swift in Sources */ = {isa = PBXBuildFile; fileRef = 0E0D886825C258E300F1096D /* ShowToDoListController.swift */; };
		0E0D887625C259C600F1096D /* ShowBookListController.swift in Sources */ = {isa = PBXBuildFile; fileRef = 0E0D887525C259C500F1096D /* ShowBookListController.swift */; };
		0E0D887B25C259EE00F1096D /* AddBookController.swift in Sources */ = {isa = PBXBuildFile; fileRef = 0E0D887A25C259EE00F1096D /* AddBookController.swift */; };
		0E0D888025C25A6E00F1096D /* ShowPDFViewController.swift in Sources */ = {isa = PBXBuildFile; fileRef = 0E0D887F25C25A6E00F1096D /* ShowPDFViewController.swift */; };
		0E17C28725C54A4400773088 /* AddContentController.swift in Sources */ = {isa = PBXBuildFile; fileRef = 0E17C28625C54A4400773088 /* AddContentController.swift */; };
		0E17C28D25C54AEC00773088 /* ContentController.swift in Sources */ = {isa = PBXBuildFile; fileRef = 0E17C28C25C54AEC00773088 /* ContentController.swift */; };
		0E50E83A25C88DE2007A8722 /* BookController.swift in Sources */ = {isa = PBXBuildFile; fileRef = 0E50E83925C88DE2007A8722 /* BookController.swift */; };
		0E79CF2D25BEDD230057FA46 /* AppDelegate.swift in Sources */ = {isa = PBXBuildFile; fileRef = 0E79CF2C25BEDD230057FA46 /* AppDelegate.swift */; };
		0E79CF2F25BEDD230057FA46 /* SceneDelegate.swift in Sources */ = {isa = PBXBuildFile; fileRef = 0E79CF2E25BEDD230057FA46 /* SceneDelegate.swift */; };
		0E79CF3425BEDD230057FA46 /* Main.storyboard in Resources */ = {isa = PBXBuildFile; fileRef = 0E79CF3225BEDD230057FA46 /* Main.storyboard */; };
		0E79CF3925BEDD230057FA46 /* Assets.xcassets in Resources */ = {isa = PBXBuildFile; fileRef = 0E79CF3825BEDD230057FA46 /* Assets.xcassets */; };
		0E79CF3C25BEDD230057FA46 /* LaunchScreen.storyboard in Resources */ = {isa = PBXBuildFile; fileRef = 0E79CF3A25BEDD230057FA46 /* LaunchScreen.storyboard */; };
		0E79CF4725BEDD240057FA46 /* BookCheckerTests.swift in Sources */ = {isa = PBXBuildFile; fileRef = 0E79CF4625BEDD240057FA46 /* BookCheckerTests.swift */; };
		0E79CF5225BEDD240057FA46 /* BookCheckerUITests.swift in Sources */ = {isa = PBXBuildFile; fileRef = 0E79CF5125BEDD240057FA46 /* BookCheckerUITests.swift */; };
		0EC5005825C948CF00956E65 /* MainImage.jpeg in Resources */ = {isa = PBXBuildFile; fileRef = 0EC5005725C948CF00956E65 /* MainImage.jpeg */; };
		0EC5005D25C9499800956E65 /* NgeeAnnLogo.jpeg in Resources */ = {isa = PBXBuildFile; fileRef = 0EC5005C25C9499800956E65 /* NgeeAnnLogo.jpeg */; };
		0EF0451E25C68A8200050136 /* ContentViewController.swift in Sources */ = {isa = PBXBuildFile; fileRef = 0EF0451D25C68A8200050136 /* ContentViewController.swift */; };
/* End PBXBuildFile section */

/* Begin PBXContainerItemProxy section */
		0E79CF4325BEDD240057FA46 /* PBXContainerItemProxy */ = {
			isa = PBXContainerItemProxy;
			containerPortal = 0E79CF2125BEDD230057FA46 /* Project object */;
			proxyType = 1;
			remoteGlobalIDString = 0E79CF2825BEDD230057FA46;
			remoteInfo = BookChecker;
		};
		0E79CF4E25BEDD240057FA46 /* PBXContainerItemProxy */ = {
			isa = PBXContainerItemProxy;
			containerPortal = 0E79CF2125BEDD230057FA46 /* Project object */;
			proxyType = 1;
			remoteGlobalIDString = 0E79CF2825BEDD230057FA46;
			remoteInfo = BookChecker;
		};
/* End PBXContainerItemProxy section */

/* Begin PBXFileReference section */
		0E0D884925C2534000F1096D /* BookChecker.xcdatamodel */ = {isa = PBXFileReference; lastKnownFileType = wrapper.xcdatamodel; path = BookChecker.xcdatamodel; sourceTree = "<group>"; };
		0E0D885E25C2562B00F1096D /* ItemList.swift */ = {isa = PBXFileReference; lastKnownFileType = sourcecode.swift; path = ItemList.swift; sourceTree = "<group>"; };
		0E0D886325C2573C00F1096D /* BookList.swift */ = {isa = PBXFileReference; lastKnownFileType = sourcecode.swift; path = BookList.swift; sourceTree = "<group>"; };
		0E0D886825C258E300F1096D /* ShowToDoListController.swift */ = {isa = PBXFileReference; lastKnownFileType = sourcecode.swift; path = ShowToDoListController.swift; sourceTree = "<group>"; };
		0E0D887525C259C500F1096D /* ShowBookListController.swift */ = {isa = PBXFileReference; lastKnownFileType = sourcecode.swift; path = ShowBookListController.swift; sourceTree = "<group>"; };
		0E0D887A25C259EE00F1096D /* AddBookController.swift */ = {isa = PBXFileReference; lastKnownFileType = sourcecode.swift; path = AddBookController.swift; sourceTree = "<group>"; };
		0E0D887F25C25A6E00F1096D /* ShowPDFViewController.swift */ = {isa = PBXFileReference; lastKnownFileType = sourcecode.swift; path = ShowPDFViewController.swift; sourceTree = "<group>"; };
		0E17C28625C54A4400773088 /* AddContentController.swift */ = {isa = PBXFileReference; lastKnownFileType = sourcecode.swift; path = AddContentController.swift; sourceTree = "<group>"; };
		0E17C28C25C54AEC00773088 /* ContentController.swift */ = {isa = PBXFileReference; lastKnownFileType = sourcecode.swift; path = ContentController.swift; sourceTree = "<group>"; };
		0E50E83925C88DE2007A8722 /* BookController.swift */ = {isa = PBXFileReference; lastKnownFileType = sourcecode.swift; path = BookController.swift; sourceTree = "<group>"; };
		0E79CF2925BEDD230057FA46 /* BookChecker.app */ = {isa = PBXFileReference; explicitFileType = wrapper.application; includeInIndex = 0; path = BookChecker.app; sourceTree = BUILT_PRODUCTS_DIR; };
		0E79CF2C25BEDD230057FA46 /* AppDelegate.swift */ = {isa = PBXFileReference; lastKnownFileType = sourcecode.swift; path = AppDelegate.swift; sourceTree = "<group>"; };
		0E79CF2E25BEDD230057FA46 /* SceneDelegate.swift */ = {isa = PBXFileReference; lastKnownFileType = sourcecode.swift; path = SceneDelegate.swift; sourceTree = "<group>"; };
		0E79CF3325BEDD230057FA46 /* Base */ = {isa = PBXFileReference; lastKnownFileType = file.storyboard; name = Base; path = Base.lproj/Main.storyboard; sourceTree = "<group>"; };
		0E79CF3825BEDD230057FA46 /* Assets.xcassets */ = {isa = PBXFileReference; lastKnownFileType = folder.assetcatalog; path = Assets.xcassets; sourceTree = "<group>"; };
		0E79CF3B25BEDD230057FA46 /* Base */ = {isa = PBXFileReference; lastKnownFileType = file.storyboard; name = Base; path = Base.lproj/LaunchScreen.storyboard; sourceTree = "<group>"; };
		0E79CF3D25BEDD230057FA46 /* Info.plist */ = {isa = PBXFileReference; lastKnownFileType = text.plist.xml; path = Info.plist; sourceTree = "<group>"; };
		0E79CF4225BEDD240057FA46 /* BookCheckerTests.xctest */ = {isa = PBXFileReference; explicitFileType = wrapper.cfbundle; includeInIndex = 0; path = BookCheckerTests.xctest; sourceTree = BUILT_PRODUCTS_DIR; };
		0E79CF4625BEDD240057FA46 /* BookCheckerTests.swift */ = {isa = PBXFileReference; lastKnownFileType = sourcecode.swift; path = BookCheckerTests.swift; sourceTree = "<group>"; };
		0E79CF4825BEDD240057FA46 /* Info.plist */ = {isa = PBXFileReference; lastKnownFileType = text.plist.xml; path = Info.plist; sourceTree = "<group>"; };
		0E79CF4D25BEDD240057FA46 /* BookCheckerUITests.xctest */ = {isa = PBXFileReference; explicitFileType = wrapper.cfbundle; includeInIndex = 0; path = BookCheckerUITests.xctest; sourceTree = BUILT_PRODUCTS_DIR; };
		0E79CF5125BEDD240057FA46 /* BookCheckerUITests.swift */ = {isa = PBXFileReference; lastKnownFileType = sourcecode.swift; path = BookCheckerUITests.swift; sourceTree = "<group>"; };
		0E79CF5325BEDD240057FA46 /* Info.plist */ = {isa = PBXFileReference; lastKnownFileType = text.plist.xml; path = Info.plist; sourceTree = "<group>"; };
		0EC5005725C948CF00956E65 /* MainImage.jpeg */ = {isa = PBXFileReference; lastKnownFileType = image.jpeg; path = MainImage.jpeg; sourceTree = "<group>"; };
		0EC5005C25C9499800956E65 /* NgeeAnnLogo.jpeg */ = {isa = PBXFileReference; lastKnownFileType = image.jpeg; path = NgeeAnnLogo.jpeg; sourceTree = "<group>"; };
		0EF0451D25C68A8200050136 /* ContentViewController.swift */ = {isa = PBXFileReference; lastKnownFileType = sourcecode.swift; path = ContentViewController.swift; sourceTree = "<group>"; };
/* End PBXFileReference section */

/* Begin PBXFrameworksBuildPhase section */
		0E79CF2625BEDD230057FA46 /* Frameworks */ = {
			isa = PBXFrameworksBuildPhase;
			buildActionMask = 2147483647;
			files = (
			);
			runOnlyForDeploymentPostprocessing = 0;
		};
		0E79CF3F25BEDD240057FA46 /* Frameworks */ = {
			isa = PBXFrameworksBuildPhase;
			buildActionMask = 2147483647;
			files = (
			);
			runOnlyForDeploymentPostprocessing = 0;
		};
		0E79CF4A25BEDD240057FA46 /* Frameworks */ = {
			isa = PBXFrameworksBuildPhase;
			buildActionMask = 2147483647;
			files = (
			);
			runOnlyForDeploymentPostprocessing = 0;
		};
/* End PBXFrameworksBuildPhase section */

/* Begin PBXGroup section */
		0E0D883025C2511700F1096D /* Controller */ = {
			isa = PBXGroup;
			children = (
				0E17C28B25C54AC600773088 /* ToDoList */,
				0E0D887525C259C500F1096D /* ShowBookListController.swift */,
				0E0D887A25C259EE00F1096D /* AddBookController.swift */,
				0E0D887F25C25A6E00F1096D /* ShowPDFViewController.swift */,
				0E50E83925C88DE2007A8722 /* BookController.swift */,
			);
			path = Controller;
			sourceTree = "<group>";
		};
		0E0D883125C251E300F1096D /* View */ = {
			isa = PBXGroup;
			children = (
				0E79CF3A25BEDD230057FA46 /* LaunchScreen.storyboard */,
				0E79CF3225BEDD230057FA46 /* Main.storyboard */,
			);
			path = View;
			sourceTree = "<group>";
		};
		0E0D883B25C2525500F1096D /* CoreDataModel */ = {
			isa = PBXGroup;
			children = (
				0E0D884825C2534000F1096D /* BookChecker.xcdatamodeld */,
			);
			path = CoreDataModel;
			sourceTree = "<group>";
		};
		0E0D884F25C2544400F1096D /* Class */ = {
			isa = PBXGroup;
			children = (
				0E0D885E25C2562B00F1096D /* ItemList.swift */,
				0E0D886325C2573C00F1096D /* BookList.swift */,
			);
			path = Class;
			sourceTree = "<group>";
		};
		0E17C28B25C54AC600773088 /* ToDoList */ = {
			isa = PBXGroup;
			children = (
				0E17C28625C54A4400773088 /* AddContentController.swift */,
				0E0D886825C258E300F1096D /* ShowToDoListController.swift */,
				0E17C28C25C54AEC00773088 /* ContentController.swift */,
				0EF0451D25C68A8200050136 /* ContentViewController.swift */,
			);
			path = ToDoList;
			sourceTree = "<group>";
		};
		0E79CF2025BEDD230057FA46 = {
			isa = PBXGroup;
			children = (
				0E79CF2B25BEDD230057FA46 /* BookChecker */,
				0E79CF4525BEDD240057FA46 /* BookCheckerTests */,
				0E79CF5025BEDD240057FA46 /* BookCheckerUITests */,
				0E79CF2A25BEDD230057FA46 /* Products */,
			);
			sourceTree = "<group>";
		};
		0E79CF2A25BEDD230057FA46 /* Products */ = {
			isa = PBXGroup;
			children = (
				0E79CF2925BEDD230057FA46 /* BookChecker.app */,
				0E79CF4225BEDD240057FA46 /* BookCheckerTests.xctest */,
				0E79CF4D25BEDD240057FA46 /* BookCheckerUITests.xctest */,
			);
			name = Products;
			sourceTree = "<group>";
		};
		0E79CF2B25BEDD230057FA46 /* BookChecker */ = {
			isa = PBXGroup;
			children = (
				0EC5005325C948C200956E65 /* Images */,
				0E0D883B25C2525500F1096D /* CoreDataModel */,
				0E0D883125C251E300F1096D /* View */,
				0E0D883025C2511700F1096D /* Controller */,
				0E0D884F25C2544400F1096D /* Class */,
				0E79CF2C25BEDD230057FA46 /* AppDelegate.swift */,
				0E79CF2E25BEDD230057FA46 /* SceneDelegate.swift */,
				0E79CF3825BEDD230057FA46 /* Assets.xcassets */,
				0E79CF3D25BEDD230057FA46 /* Info.plist */,
			);
			path = BookChecker;
			sourceTree = "<group>";
		};
		0E79CF4525BEDD240057FA46 /* BookCheckerTests */ = {
			isa = PBXGroup;
			children = (
				0E79CF4625BEDD240057FA46 /* BookCheckerTests.swift */,
				0E79CF4825BEDD240057FA46 /* Info.plist */,
			);
			path = BookCheckerTests;
			sourceTree = "<group>";
		};
		0E79CF5025BEDD240057FA46 /* BookCheckerUITests */ = {
			isa = PBXGroup;
			children = (
				0E79CF5125BEDD240057FA46 /* BookCheckerUITests.swift */,
				0E79CF5325BEDD240057FA46 /* Info.plist */,
			);
			path = BookCheckerUITests;
			sourceTree = "<group>";
		};
		0EC5005325C948C200956E65 /* Images */ = {
			isa = PBXGroup;
			children = (
				0EC5005C25C9499800956E65 /* NgeeAnnLogo.jpeg */,
				0EC5005725C948CF00956E65 /* MainImage.jpeg */,
			);
			path = Images;
			sourceTree = "<group>";
		};
/* End PBXGroup section */

/* Begin PBXNativeTarget section */
		0E79CF2825BEDD230057FA46 /* BookChecker */ = {
			isa = PBXNativeTarget;
			buildConfigurationList = 0E79CF5625BEDD240057FA46 /* Build configuration list for PBXNativeTarget "BookChecker" */;
			buildPhases = (
				0E79CF2525BEDD230057FA46 /* Sources */,
				0E79CF2625BEDD230057FA46 /* Frameworks */,
				0E79CF2725BEDD230057FA46 /* Resources */,
			);
			buildRules = (
			);
			dependencies = (
			);
			name = BookChecker;
			productName = BookChecker;
			productReference = 0E79CF2925BEDD230057FA46 /* BookChecker.app */;
			productType = "com.apple.product-type.application";
		};
		0E79CF4125BEDD240057FA46 /* BookCheckerTests */ = {
			isa = PBXNativeTarget;
			buildConfigurationList = 0E79CF5925BEDD240057FA46 /* Build configuration list for PBXNativeTarget "BookCheckerTests" */;
			buildPhases = (
				0E79CF3E25BEDD240057FA46 /* Sources */,
				0E79CF3F25BEDD240057FA46 /* Frameworks */,
				0E79CF4025BEDD240057FA46 /* Resources */,
			);
			buildRules = (
			);
			dependencies = (
				0E79CF4425BEDD240057FA46 /* PBXTargetDependency */,
			);
			name = BookCheckerTests;
			productName = BookCheckerTests;
			productReference = 0E79CF4225BEDD240057FA46 /* BookCheckerTests.xctest */;
			productType = "com.apple.product-type.bundle.unit-test";
		};
		0E79CF4C25BEDD240057FA46 /* BookCheckerUITests */ = {
			isa = PBXNativeTarget;
			buildConfigurationList = 0E79CF5C25BEDD240057FA46 /* Build configuration list for PBXNativeTarget "BookCheckerUITests" */;
			buildPhases = (
				0E79CF4925BEDD240057FA46 /* Sources */,
				0E79CF4A25BEDD240057FA46 /* Frameworks */,
				0E79CF4B25BEDD240057FA46 /* Resources */,
			);
			buildRules = (
			);
			dependencies = (
				0E79CF4F25BEDD240057FA46 /* PBXTargetDependency */,
			);
			name = BookCheckerUITests;
			productName = BookCheckerUITests;
			productReference = 0E79CF4D25BEDD240057FA46 /* BookCheckerUITests.xctest */;
			productType = "com.apple.product-type.bundle.ui-testing";
		};
/* End PBXNativeTarget section */

/* Begin PBXProject section */
		0E79CF2125BEDD230057FA46 /* Project object */ = {
			isa = PBXProject;
			attributes = {
				LastSwiftUpdateCheck = 1210;
				LastUpgradeCheck = 1210;
				TargetAttributes = {
					0E79CF2825BEDD230057FA46 = {
						CreatedOnToolsVersion = 12.1;
					};
					0E79CF4125BEDD240057FA46 = {
						CreatedOnToolsVersion = 12.1;
						TestTargetID = 0E79CF2825BEDD230057FA46;
					};
					0E79CF4C25BEDD240057FA46 = {
						CreatedOnToolsVersion = 12.1;
						TestTargetID = 0E79CF2825BEDD230057FA46;
					};
				};
			};
			buildConfigurationList = 0E79CF2425BEDD230057FA46 /* Build configuration list for PBXProject "BookChecker" */;
			compatibilityVersion = "Xcode 9.3";
			developmentRegion = en;
			hasScannedForEncodings = 0;
			knownRegions = (
				en,
				Base,
			);
			mainGroup = 0E79CF2025BEDD230057FA46;
			productRefGroup = 0E79CF2A25BEDD230057FA46 /* Products */;
			projectDirPath = "";
			projectRoot = "";
			targets = (
				0E79CF2825BEDD230057FA46 /* BookChecker */,
				0E79CF4125BEDD240057FA46 /* BookCheckerTests */,
				0E79CF4C25BEDD240057FA46 /* BookCheckerUITests */,
			);
		};
/* End PBXProject section */

/* Begin PBXResourcesBuildPhase section */
		0E79CF2725BEDD230057FA46 /* Resources */ = {
			isa = PBXResourcesBuildPhase;
			buildActionMask = 2147483647;
			files = (
				0EC5005D25C9499800956E65 /* NgeeAnnLogo.jpeg in Resources */,
				0E79CF3C25BEDD230057FA46 /* LaunchScreen.storyboard in Resources */,
				0E79CF3925BEDD230057FA46 /* Assets.xcassets in Resources */,
				0EC5005825C948CF00956E65 /* MainImage.jpeg in Resources */,
				0E79CF3425BEDD230057FA46 /* Main.storyboard in Resources */,
			);
			runOnlyForDeploymentPostprocessing = 0;
		};
		0E79CF4025BEDD240057FA46 /* Resources */ = {
			isa = PBXResourcesBuildPhase;
			buildActionMask = 2147483647;
			files = (
			);
			runOnlyForDeploymentPostprocessing = 0;
		};
		0E79CF4B25BEDD240057FA46 /* Resources */ = {
			isa = PBXResourcesBuildPhase;
			buildActionMask = 2147483647;
			files = (
			);
			runOnlyForDeploymentPostprocessing = 0;
		};
/* End PBXResourcesBuildPhase section */

/* Begin PBXSourcesBuildPhase section */
		0E79CF2525BEDD230057FA46 /* Sources */ = {
			isa = PBXSourcesBuildPhase;
			buildActionMask = 2147483647;
			files = (
				0E0D884A25C2534000F1096D /* BookChecker.xcdatamodeld in Sources */,
				0E79CF2D25BEDD230057FA46 /* AppDelegate.swift in Sources */,
				0E0D887625C259C600F1096D /* ShowBookListController.swift in Sources */,
				0E0D887B25C259EE00F1096D /* AddBookController.swift in Sources */,
				0EF0451E25C68A8200050136 /* ContentViewController.swift in Sources */,
				0E0D886425C2573C00F1096D /* BookList.swift in Sources */,
				0E17C28D25C54AEC00773088 /* ContentController.swift in Sources */,
				0E0D885F25C2562B00F1096D /* ItemList.swift in Sources */,
				0E0D886925C258E300F1096D /* ShowToDoListController.swift in Sources */,
				0E17C28725C54A4400773088 /* AddContentController.swift in Sources */,
				0E0D888025C25A6E00F1096D /* ShowPDFViewController.swift in Sources */,
				0E79CF2F25BEDD230057FA46 /* SceneDelegate.swift in Sources */,
				0E50E83A25C88DE2007A8722 /* BookController.swift in Sources */,
			);
			runOnlyForDeploymentPostprocessing = 0;
		};
		0E79CF3E25BEDD240057FA46 /* Sources */ = {
			isa = PBXSourcesBuildPhase;
			buildActionMask = 2147483647;
			files = (
				0E79CF4725BEDD240057FA46 /* BookCheckerTests.swift in Sources */,
			);
			runOnlyForDeploymentPostprocessing = 0;
		};
		0E79CF4925BEDD240057FA46 /* Sources */ = {
			isa = PBXSourcesBuildPhase;
			buildActionMask = 2147483647;
			files = (
				0E79CF5225BEDD240057FA46 /* BookCheckerUITests.swift in Sources */,
			);
			runOnlyForDeploymentPostprocessing = 0;
		};
/* End PBXSourcesBuildPhase section */

/* Begin PBXTargetDependency section */
		0E79CF4425BEDD240057FA46 /* PBXTargetDependency */ = {
			isa = PBXTargetDependency;
			target = 0E79CF2825BEDD230057FA46 /* BookChecker */;
			targetProxy = 0E79CF4325BEDD240057FA46 /* PBXContainerItemProxy */;
		};
		0E79CF4F25BEDD240057FA46 /* PBXTargetDependency */ = {
			isa = PBXTargetDependency;
			target = 0E79CF2825BEDD230057FA46 /* BookChecker */;
			targetProxy = 0E79CF4E25BEDD240057FA46 /* PBXContainerItemProxy */;
		};
/* End PBXTargetDependency section */

/* Begin PBXVariantGroup section */
		0E79CF3225BEDD230057FA46 /* Main.storyboard */ = {
			isa = PBXVariantGroup;
			children = (
				0E79CF3325BEDD230057FA46 /* Base */,
			);
			name = Main.storyboard;
			sourceTree = "<group>";
		};
		0E79CF3A25BEDD230057FA46 /* LaunchScreen.storyboard */ = {
			isa = PBXVariantGroup;
			children = (
				0E79CF3B25BEDD230057FA46 /* Base */,
			);
			name = LaunchScreen.storyboard;
			sourceTree = "<group>";
		};
/* End PBXVariantGroup section */

/* Begin XCBuildConfiguration section */
		0E79CF5425BEDD240057FA46 /* Debug */ = {
			isa = XCBuildConfiguration;
			buildSettings = {
				ALWAYS_SEARCH_USER_PATHS = NO;
				CLANG_ANALYZER_NONNULL = YES;
				CLANG_ANALYZER_NUMBER_OBJECT_CONVERSION = YES_AGGRESSIVE;
				CLANG_CXX_LANGUAGE_STANDARD = "gnu++14";
				CLANG_CXX_LIBRARY = "libc++";
				CLANG_ENABLE_MODULES = YES;
				CLANG_ENABLE_OBJC_ARC = YES;
				CLANG_ENABLE_OBJC_WEAK = YES;
				CLANG_WARN_BLOCK_CAPTURE_AUTORELEASING = YES;
				CLANG_WARN_BOOL_CONVERSION = YES;
				CLANG_WARN_COMMA = YES;
				CLANG_WARN_CONSTANT_CONVERSION = YES;
				CLANG_WARN_DEPRECATED_OBJC_IMPLEMENTATIONS = YES;
				CLANG_WARN_DIRECT_OBJC_ISA_USAGE = YES_ERROR;
				CLANG_WARN_DOCUMENTATION_COMMENTS = YES;
				CLANG_WARN_EMPTY_BODY = YES;
				CLANG_WARN_ENUM_CONVERSION = YES;
				CLANG_WARN_INFINITE_RECURSION = YES;
				CLANG_WARN_INT_CONVERSION = YES;
				CLANG_WARN_NON_LITERAL_NULL_CONVERSION = YES;
				CLANG_WARN_OBJC_IMPLICIT_RETAIN_SELF = YES;
				CLANG_WARN_OBJC_LITERAL_CONVERSION = YES;
				CLANG_WARN_OBJC_ROOT_CLASS = YES_ERROR;
				CLANG_WARN_QUOTED_INCLUDE_IN_FRAMEWORK_HEADER = YES;
				CLANG_WARN_RANGE_LOOP_ANALYSIS = YES;
				CLANG_WARN_STRICT_PROTOTYPES = YES;
				CLANG_WARN_SUSPICIOUS_MOVE = YES;
				CLANG_WARN_UNGUARDED_AVAILABILITY = YES_AGGRESSIVE;
				CLANG_WARN_UNREACHABLE_CODE = YES;
				CLANG_WARN__DUPLICATE_METHOD_MATCH = YES;
				COPY_PHASE_STRIP = NO;
				DEBUG_INFORMATION_FORMAT = dwarf;
				ENABLE_STRICT_OBJC_MSGSEND = YES;
				ENABLE_TESTABILITY = YES;
				GCC_C_LANGUAGE_STANDARD = gnu11;
				GCC_DYNAMIC_NO_PIC = NO;
				GCC_NO_COMMON_BLOCKS = YES;
				GCC_OPTIMIZATION_LEVEL = 0;
				GCC_PREPROCESSOR_DEFINITIONS = (
					"DEBUG=1",
					"$(inherited)",
				);
				GCC_WARN_64_TO_32_BIT_CONVERSION = YES;
				GCC_WARN_ABOUT_RETURN_TYPE = YES_ERROR;
				GCC_WARN_UNDECLARED_SELECTOR = YES;
				GCC_WARN_UNINITIALIZED_AUTOS = YES_AGGRESSIVE;
				GCC_WARN_UNUSED_FUNCTION = YES;
				GCC_WARN_UNUSED_VARIABLE = YES;
				IPHONEOS_DEPLOYMENT_TARGET = 14.1;
				MTL_ENABLE_DEBUG_INFO = INCLUDE_SOURCE;
				MTL_FAST_MATH = YES;
				ONLY_ACTIVE_ARCH = YES;
				SDKROOT = iphoneos;
				SWIFT_ACTIVE_COMPILATION_CONDITIONS = DEBUG;
				SWIFT_OPTIMIZATION_LEVEL = "-Onone";
			};
			name = Debug;
		};
		0E79CF5525BEDD240057FA46 /* Release */ = {
			isa = XCBuildConfiguration;
			buildSettings = {
				ALWAYS_SEARCH_USER_PATHS = NO;
				CLANG_ANALYZER_NONNULL = YES;
				CLANG_ANALYZER_NUMBER_OBJECT_CONVERSION = YES_AGGRESSIVE;
				CLANG_CXX_LANGUAGE_STANDARD = "gnu++14";
				CLANG_CXX_LIBRARY = "libc++";
				CLANG_ENABLE_MODULES = YES;
				CLANG_ENABLE_OBJC_ARC = YES;
				CLANG_ENABLE_OBJC_WEAK = YES;
				CLANG_WARN_BLOCK_CAPTURE_AUTORELEASING = YES;
				CLANG_WARN_BOOL_CONVERSION = YES;
				CLANG_WARN_COMMA = YES;
				CLANG_WARN_CONSTANT_CONVERSION = YES;
				CLANG_WARN_DEPRECATED_OBJC_IMPLEMENTATIONS = YES;
				CLANG_WARN_DIRECT_OBJC_ISA_USAGE = YES_ERROR;
				CLANG_WARN_DOCUMENTATION_COMMENTS = YES;
				CLANG_WARN_EMPTY_BODY = YES;
				CLANG_WARN_ENUM_CONVERSION = YES;
				CLANG_WARN_INFINITE_RECURSION = YES;
				CLANG_WARN_INT_CONVERSION = YES;
				CLANG_WARN_NON_LITERAL_NULL_CONVERSION = YES;
				CLANG_WARN_OBJC_IMPLICIT_RETAIN_SELF = YES;
				CLANG_WARN_OBJC_LITERAL_CONVERSION = YES;
				CLANG_WARN_OBJC_ROOT_CLASS = YES_ERROR;
				CLANG_WARN_QUOTED_INCLUDE_IN_FRAMEWORK_HEADER = YES;
				CLANG_WARN_RANGE_LOOP_ANALYSIS = YES;
				CLANG_WARN_STRICT_PROTOTYPES = YES;
				CLANG_WARN_SUSPICIOUS_MOVE = YES;
				CLANG_WARN_UNGUARDED_AVAILABILITY = YES_AGGRESSIVE;
				CLANG_WARN_UNREACHABLE_CODE = YES;
				CLANG_WARN__DUPLICATE_METHOD_MATCH = YES;
				COPY_PHASE_STRIP = NO;
				DEBUG_INFORMATION_FORMAT = "dwarf-with-dsym";
				ENABLE_NS_ASSERTIONS = NO;
				ENABLE_STRICT_OBJC_MSGSEND = YES;
				GCC_C_LANGUAGE_STANDARD = gnu11;
				GCC_NO_COMMON_BLOCKS = YES;
				GCC_WARN_64_TO_32_BIT_CONVERSION = YES;
				GCC_WARN_ABOUT_RETURN_TYPE = YES_ERROR;
				GCC_WARN_UNDECLARED_SELECTOR = YES;
				GCC_WARN_UNINITIALIZED_AUTOS = YES_AGGRESSIVE;
				GCC_WARN_UNUSED_FUNCTION = YES;
				GCC_WARN_UNUSED_VARIABLE = YES;
				IPHONEOS_DEPLOYMENT_TARGET = 14.1;
				MTL_ENABLE_DEBUG_INFO = NO;
				MTL_FAST_MATH = YES;
				SDKROOT = iphoneos;
				SWIFT_COMPILATION_MODE = wholemodule;
				SWIFT_OPTIMIZATION_LEVEL = "-O";
				VALIDATE_PRODUCT = YES;
			};
			name = Release;
		};
		0E79CF5725BEDD240057FA46 /* Debug */ = {
			isa = XCBuildConfiguration;
			buildSettings = {
				ASSETCATALOG_COMPILER_APPICON_NAME = AppIcon;
				ASSETCATALOG_COMPILER_GLOBAL_ACCENT_COLOR_NAME = AccentColor;
				CODE_SIGN_STYLE = Automatic;
				INFOPLIST_FILE = BookChecker/Info.plist;
				LD_RUNPATH_SEARCH_PATHS = (
					"$(inherited)",
					"@executable_path/Frameworks",
				);
				PRODUCT_BUNDLE_IDENTIFIER = sg.mad2.BookChecker;
				PRODUCT_NAME = "$(TARGET_NAME)";
				SWIFT_VERSION = 5.0;
				TARGETED_DEVICE_FAMILY = "1,2";
			};
			name = Debug;
		};
		0E79CF5825BEDD240057FA46 /* Release */ = {
			isa = XCBuildConfiguration;
			buildSettings = {
				ASSETCATALOG_COMPILER_APPICON_NAME = AppIcon;
				ASSETCATALOG_COMPILER_GLOBAL_ACCENT_COLOR_NAME = AccentColor;
				CODE_SIGN_STYLE = Automatic;
				INFOPLIST_FILE = BookChecker/Info.plist;
				LD_RUNPATH_SEARCH_PATHS = (
					"$(inherited)",
					"@executable_path/Frameworks",
				);
				PRODUCT_BUNDLE_IDENTIFIER = sg.mad2.BookChecker;
				PRODUCT_NAME = "$(TARGET_NAME)";
				SWIFT_VERSION = 5.0;
				TARGETED_DEVICE_FAMILY = "1,2";
			};
			name = Release;
		};
		0E79CF5A25BEDD240057FA46 /* Debug */ = {
			isa = XCBuildConfiguration;
			buildSettings = {
				ALWAYS_EMBED_SWIFT_STANDARD_LIBRARIES = YES;
				BUNDLE_LOADER = "$(TEST_HOST)";
				CODE_SIGN_STYLE = Automatic;
				INFOPLIST_FILE = BookCheckerTests/Info.plist;
				IPHONEOS_DEPLOYMENT_TARGET = 14.1;
				LD_RUNPATH_SEARCH_PATHS = (
					"$(inherited)",
					"@executable_path/Frameworks",
					"@loader_path/Frameworks",
				);
				PRODUCT_BUNDLE_IDENTIFIER = sg.mad2.BookCheckerTests;
				PRODUCT_NAME = "$(TARGET_NAME)";
				SWIFT_VERSION = 5.0;
				TARGETED_DEVICE_FAMILY = "1,2";
				TEST_HOST = "$(BUILT_PRODUCTS_DIR)/BookChecker.app/BookChecker";
			};
			name = Debug;
		};
		0E79CF5B25BEDD240057FA46 /* Release */ = {
			isa = XCBuildConfiguration;
			buildSettings = {
				ALWAYS_EMBED_SWIFT_STANDARD_LIBRARIES = YES;
				BUNDLE_LOADER = "$(TEST_HOST)";
				CODE_SIGN_STYLE = Automatic;
				INFOPLIST_FILE = BookCheckerTests/Info.plist;
				IPHONEOS_DEPLOYMENT_TARGET = 14.1;
				LD_RUNPATH_SEARCH_PATHS = (
					"$(inherited)",
					"@executable_path/Frameworks",
					"@loader_path/Frameworks",
				);
				PRODUCT_BUNDLE_IDENTIFIER = sg.mad2.BookCheckerTests;
				PRODUCT_NAME = "$(TARGET_NAME)";
				SWIFT_VERSION = 5.0;
				TARGETED_DEVICE_FAMILY = "1,2";
				TEST_HOST = "$(BUILT_PRODUCTS_DIR)/BookChecker.app/BookChecker";
			};
			name = Release;
		};
		0E79CF5D25BEDD240057FA46 /* Debug */ = {
			isa = XCBuildConfiguration;
			buildSettings = {
				ALWAYS_EMBED_SWIFT_STANDARD_LIBRARIES = YES;
				CODE_SIGN_STYLE = Automatic;
				INFOPLIST_FILE = BookCheckerUITests/Info.plist;
				LD_RUNPATH_SEARCH_PATHS = (
					"$(inherited)",
					"@executable_path/Frameworks",
					"@loader_path/Frameworks",
				);
				PRODUCT_BUNDLE_IDENTIFIER = sg.mad2.BookCheckerUITests;
				PRODUCT_NAME = "$(TARGET_NAME)";
				SWIFT_VERSION = 5.0;
				TARGETED_DEVICE_FAMILY = "1,2";
				TEST_TARGET_NAME = BookChecker;
			};
			name = Debug;
		};
		0E79CF5E25BEDD240057FA46 /* Release */ = {
			isa = XCBuildConfiguration;
			buildSettings = {
				ALWAYS_EMBED_SWIFT_STANDARD_LIBRARIES = YES;
				CODE_SIGN_STYLE = Automatic;
				INFOPLIST_FILE = BookCheckerUITests/Info.plist;
				LD_RUNPATH_SEARCH_PATHS = (
					"$(inherited)",
					"@executable_path/Frameworks",
					"@loader_path/Frameworks",
				);
				PRODUCT_BUNDLE_IDENTIFIER = sg.mad2.BookCheckerUITests;
				PRODUCT_NAME = "$(TARGET_NAME)";
				SWIFT_VERSION = 5.0;
				TARGETED_DEVICE_FAMILY = "1,2";
				TEST_TARGET_NAME = BookChecker;
			};
			name = Release;
		};
/* End XCBuildConfiguration section */

/* Begin XCConfigurationList section */
		0E79CF2425BEDD230057FA46 /* Build configuration list for PBXProject "BookChecker" */ = {
			isa = XCConfigurationList;
			buildConfigurations = (
				0E79CF5425BEDD240057FA46 /* Debug */,
				0E79CF5525BEDD240057FA46 /* Release */,
			);
			defaultConfigurationIsVisible = 0;
			defaultConfigurationName = Release;
		};
		0E79CF5625BEDD240057FA46 /* Build configuration list for PBXNativeTarget "BookChecker" */ = {
			isa = XCConfigurationList;
			buildConfigurations = (
				0E79CF5725BEDD240057FA46 /* Debug */,
				0E79CF5825BEDD240057FA46 /* Release */,
			);
			defaultConfigurationIsVisible = 0;
			defaultConfigurationName = Release;
		};
		0E79CF5925BEDD240057FA46 /* Build configuration list for PBXNativeTarget "BookCheckerTests" */ = {
			isa = XCConfigurationList;
			buildConfigurations = (
				0E79CF5A25BEDD240057FA46 /* Debug */,
				0E79CF5B25BEDD240057FA46 /* Release */,
			);
			defaultConfigurationIsVisible = 0;
			defaultConfigurationName = Release;
		};
		0E79CF5C25BEDD240057FA46 /* Build configuration list for PBXNativeTarget "BookCheckerUITests" */ = {
			isa = XCConfigurationList;
			buildConfigurations = (
				0E79CF5D25BEDD240057FA46 /* Debug */,
				0E79CF5E25BEDD240057FA46 /* Release */,
			);
			defaultConfigurationIsVisible = 0;
			defaultConfigurationName = Release;
		};
/* End XCConfigurationList section */

/* Begin XCVersionGroup section */
		0E0D884825C2534000F1096D /* BookChecker.xcdatamodeld */ = {
			isa = XCVersionGroup;
			children = (
				0E0D884925C2534000F1096D /* BookChecker.xcdatamodel */,
			);
			currentVersion = 0E0D884925C2534000F1096D /* BookChecker.xcdatamodel */;
			path = BookChecker.xcdatamodeld;
			sourceTree = "<group>";
			versionGroupType = wrapper.xcdatamodel;
		};
/* End XCVersionGroup section */
	};
	rootObject = 0E79CF2125BEDD230057FA46 /* Project object */;
}
